// !$*UTF8*$!
{
	archiveVersion = 1;
	classes = {
	};
	objectVersion = 50;
	objects = {

/* Begin PBXBuildFile section */
		3E477282225144B8006C2671 /* AppDelegate.m in Sources */ = {isa = PBXBuildFile; fileRef = 3E477281225144B8006C2671 /* AppDelegate.m */; };
		3E477285225144B8006C2671 /* ViewController.m in Sources */ = {isa = PBXBuildFile; fileRef = 3E477284225144B8006C2671 /* ViewController.m */; };
		3E477288225144B8006C2671 /* Main.storyboard in Resources */ = {isa = PBXBuildFile; fileRef = 3E477286225144B8006C2671 /* Main.storyboard */; };
		3E47728A225144C2006C2671 /* Assets.xcassets in Resources */ = {isa = PBXBuildFile; fileRef = 3E477289225144C2006C2671 /* Assets.xcassets */; };
		3E47728D225144C2006C2671 /* LaunchScreen.storyboard in Resources */ = {isa = PBXBuildFile; fileRef = 3E47728B225144C2006C2671 /* LaunchScreen.storyboard */; };
		3E477290225144C2006C2671 /* main.m in Sources */ = {isa = PBXBuildFile; fileRef = 3E47728F225144C2006C2671 /* main.m */; };
		3E47729A225144C2006C2671 /* vue_2Tests.m in Sources */ = {isa = PBXBuildFile; fileRef = 3E477299225144C2006C2671 /* vue_2Tests.m */; };
		3E4772A5225144C3006C2671 /* vue_2UITests.m in Sources */ = {isa = PBXBuildFile; fileRef = 3E4772A4225144C3006C2671 /* vue_2UITests.m */; };
		3E526C5E2253379500B0950D /* return-back-redo-arrow-512.png in Resources */ = {isa = PBXBuildFile; fileRef = 3E526C5D2253379400B0950D /* return-back-redo-arrow-512.png */; };
		3E526C622253532100B0950D /* boat.png in Resources */ = {isa = PBXBuildFile; fileRef = 3E526C612253532000B0950D /* boat.png */; };
		3E875B2022526A840025E612 /* boat-icon.png in Resources */ = {isa = PBXBuildFile; fileRef = 3E875B1F22526A840025E612 /* boat-icon.png */; };
/* End PBXBuildFile section */

/* Begin PBXContainerItemProxy section */
		3E477296225144C2006C2671 /* PBXContainerItemProxy */ = {
			isa = PBXContainerItemProxy;
			containerPortal = 3E477275225144B7006C2671 /* Project object */;
			proxyType = 1;
			remoteGlobalIDString = 3E47727C225144B7006C2671;
			remoteInfo = "vue 2";
		};
		3E4772A1225144C3006C2671 /* PBXContainerItemProxy */ = {
			isa = PBXContainerItemProxy;
			containerPortal = 3E477275225144B7006C2671 /* Project object */;
			proxyType = 1;
			remoteGlobalIDString = 3E47727C225144B7006C2671;
			remoteInfo = "vue 2";
		};
/* End PBXContainerItemProxy section */

/* Begin PBXFileReference section */
		3E47727D225144B8006C2671 /* vue 2.app */ = {isa = PBXFileReference; explicitFileType = wrapper.application; includeInIndex = 0; path = "vue 2.app"; sourceTree = BUILT_PRODUCTS_DIR; };
		3E477280225144B8006C2671 /* AppDelegate.h */ = {isa = PBXFileReference; lastKnownFileType = sourcecode.c.h; path = AppDelegate.h; sourceTree = "<group>"; };
		3E477281225144B8006C2671 /* AppDelegate.m */ = {isa = PBXFileReference; lastKnownFileType = sourcecode.c.objc; path = AppDelegate.m; sourceTree = "<group>"; };
		3E477283225144B8006C2671 /* ViewController.h */ = {isa = PBXFileReference; lastKnownFileType = sourcecode.c.h; path = ViewController.h; sourceTree = "<group>"; };
		3E477284225144B8006C2671 /* ViewController.m */ = {isa = PBXFileReference; lastKnownFileType = sourcecode.c.objc; path = ViewController.m; sourceTree = "<group>"; };
		3E477287225144B8006C2671 /* Base */ = {isa = PBXFileReference; lastKnownFileType = file.storyboard; name = Base; path = Base.lproj/Main.storyboard; sourceTree = "<group>"; };
		3E477289225144C2006C2671 /* Assets.xcassets */ = {isa = PBXFileReference; lastKnownFileType = folder.assetcatalog; path = Assets.xcassets; sourceTree = "<group>"; };
		3E47728C225144C2006C2671 /* Base */ = {isa = PBXFileReference; lastKnownFileType = file.storyboard; name = Base; path = Base.lproj/LaunchScreen.storyboard; sourceTree = "<group>"; };
		3E47728E225144C2006C2671 /* Info.plist */ = {isa = PBXFileReference; lastKnownFileType = text.plist.xml; path = Info.plist; sourceTree = "<group>"; };
		3E47728F225144C2006C2671 /* main.m */ = {isa = PBXFileReference; lastKnownFileType = sourcecode.c.objc; path = main.m; sourceTree = "<group>"; };
		3E477295225144C2006C2671 /* vue 2Tests.xctest */ = {isa = PBXFileReference; explicitFileType = wrapper.cfbundle; includeInIndex = 0; path = "vue 2Tests.xctest"; sourceTree = BUILT_PRODUCTS_DIR; };
		3E477299225144C2006C2671 /* vue_2Tests.m */ = {isa = PBXFileReference; lastKnownFileType = sourcecode.c.objc; path = vue_2Tests.m; sourceTree = "<group>"; };
		3E47729B225144C3006C2671 /* Info.plist */ = {isa = PBXFileReference; lastKnownFileType = text.plist.xml; path = Info.plist; sourceTree = "<group>"; };
		3E4772A0225144C3006C2671 /* vue 2UITests.xctest */ = {isa = PBXFileReference; explicitFileType = wrapper.cfbundle; includeInIndex = 0; path = "vue 2UITests.xctest"; sourceTree = BUILT_PRODUCTS_DIR; };
		3E4772A4225144C3006C2671 /* vue_2UITests.m */ = {isa = PBXFileReference; lastKnownFileType = sourcecode.c.objc; path = vue_2UITests.m; sourceTree = "<group>"; };
		3E4772A6225144C3006C2671 /* Info.plist */ = {isa = PBXFileReference; lastKnownFileType = text.plist.xml; path = Info.plist; sourceTree = "<group>"; };
		3E526C5D2253379400B0950D /* return-back-redo-arrow-512.png */ = {isa = PBXFileReference; lastKnownFileType = image.png; name = "return-back-redo-arrow-512.png"; path = "../../vue1/project/Assets.xcassets/return-back-redo-arrow-512.imageset/return-back-redo-arrow-512.png"; sourceTree = "<group>"; };
		3E526C612253532000B0950D /* boat.png */ = {isa = PBXFileReference; lastKnownFileType = image.png; name = boat.png; path = ../../vue1/project/Assets.xcassets/boat.imageset/boat.png; sourceTree = "<group>"; };
		3E875B1F22526A840025E612 /* boat-icon.png */ = {isa = PBXFileReference; lastKnownFileType = image.png; name = "boat-icon.png"; path = "../../vue1/project/Assets.xcassets/boat-icon.imageset/boat-icon.png"; sourceTree = "<group>"; };
/* End PBXFileReference section */

/* Begin PBXFrameworksBuildPhase section */
		3E47727A225144B7006C2671 /* Frameworks */ = {
			isa = PBXFrameworksBuildPhase;
			buildActionMask = 2147483647;
			files = (
			);
			runOnlyForDeploymentPostprocessing = 0;
		};
		3E477292225144C2006C2671 /* Frameworks */ = {
			isa = PBXFrameworksBuildPhase;
			buildActionMask = 2147483647;
			files = (
			);
			runOnlyForDeploymentPostprocessing = 0;
		};
		3E47729D225144C3006C2671 /* Frameworks */ = {
			isa = PBXFrameworksBuildPhase;
			buildActionMask = 2147483647;
			files = (
			);
			runOnlyForDeploymentPostprocessing = 0;
		};
/* End PBXFrameworksBuildPhase section */

/* Begin PBXGroup section */
		3E477274225144B6006C2671 = {
			isa = PBXGroup;
			children = (
				3E47727F225144B8006C2671 /* vue 2 */,
				3E477298225144C2006C2671 /* vue 2Tests */,
				3E4772A3225144C3006C2671 /* vue 2UITests */,
				3E47727E225144B8006C2671 /* Products */,
			);
			sourceTree = "<group>";
		};
		3E47727E225144B8006C2671 /* Products */ = {
			isa = PBXGroup;
			children = (
				3E47727D225144B8006C2671 /* vue 2.app */,
				3E477295225144C2006C2671 /* vue 2Tests.xctest */,
				3E4772A0225144C3006C2671 /* vue 2UITests.xctest */,
			);
			name = Products;
			sourceTree = "<group>";
		};
		3E47727F225144B8006C2671 /* vue 2 */ = {
			isa = PBXGroup;
			children = (
				3E477280225144B8006C2671 /* AppDelegate.h */,
				3E477281225144B8006C2671 /* AppDelegate.m */,
				3E477283225144B8006C2671 /* ViewController.h */,
				3E477284225144B8006C2671 /* ViewController.m */,
				3E477286225144B8006C2671 /* Main.storyboard */,
				3E477289225144C2006C2671 /* Assets.xcassets */,
				3E526C5D2253379400B0950D /* return-back-redo-arrow-512.png */,
				3E526C612253532000B0950D /* boat.png */,
				3E47728B225144C2006C2671 /* LaunchScreen.storyboard */,
				3E875B1F22526A840025E612 /* boat-icon.png */,
				3E47728E225144C2006C2671 /* Info.plist */,
				3E47728F225144C2006C2671 /* main.m */,
			);
			path = "vue 2";
			sourceTree = "<group>";
		};
		3E477298225144C2006C2671 /* vue 2Tests */ = {
			isa = PBXGroup;
			children = (
				3E477299225144C2006C2671 /* vue_2Tests.m */,
				3E47729B225144C3006C2671 /* Info.plist */,
			);
			path = "vue 2Tests";
			sourceTree = "<group>";
		};
		3E4772A3225144C3006C2671 /* vue 2UITests */ = {
			isa = PBXGroup;
			children = (
				3E4772A4225144C3006C2671 /* vue_2UITests.m */,
				3E4772A6225144C3006C2671 /* Info.plist */,
			);
			path = "vue 2UITests";
			sourceTree = "<group>";
		};
/* End PBXGroup section */

/* Begin PBXNativeTarget section */
		3E47727C225144B7006C2671 /* vue 2 */ = {
			isa = PBXNativeTarget;
			buildConfigurationList = 3E4772A9225144C3006C2671 /* Build configuration list for PBXNativeTarget "vue 2" */;
			buildPhases = (
				3E477279225144B7006C2671 /* Sources */,
				3E47727A225144B7006C2671 /* Frameworks */,
				3E47727B225144B7006C2671 /* Resources */,
			);
			buildRules = (
			);
			dependencies = (
			);
			name = "vue 2";
			productName = "vue 2";
			productReference = 3E47727D225144B8006C2671 /* vue 2.app */;
			productType = "com.apple.product-type.application";
		};
		3E477294225144C2006C2671 /* vue 2Tests */ = {
			isa = PBXNativeTarget;
			buildConfigurationList = 3E4772AC225144C3006C2671 /* Build configuration list for PBXNativeTarget "vue 2Tests" */;
			buildPhases = (
				3E477291225144C2006C2671 /* Sources */,
				3E477292225144C2006C2671 /* Frameworks */,
				3E477293225144C2006C2671 /* Resources */,
			);
			buildRules = (
			);
			dependencies = (
				3E477297225144C2006C2671 /* PBXTargetDependency */,
			);
			name = "vue 2Tests";
			productName = "vue 2Tests";
			productReference = 3E477295225144C2006C2671 /* vue 2Tests.xctest */;
			productType = "com.apple.product-type.bundle.unit-test";
		};
		3E47729F225144C3006C2671 /* vue 2UITests */ = {
			isa = PBXNativeTarget;
			buildConfigurationList = 3E4772AF225144C3006C2671 /* Build configuration list for PBXNativeTarget "vue 2UITests" */;
			buildPhases = (
				3E47729C225144C3006C2671 /* Sources */,
				3E47729D225144C3006C2671 /* Frameworks */,
				3E47729E225144C3006C2671 /* Resources */,
			);
			buildRules = (
			);
			dependencies = (
				3E4772A2225144C3006C2671 /* PBXTargetDependency */,
			);
			name = "vue 2UITests";
			productName = "vue 2UITests";
			productReference = 3E4772A0225144C3006C2671 /* vue 2UITests.xctest */;
			productType = "com.apple.product-type.bundle.ui-testing";
		};
/* End PBXNativeTarget section */

/* Begin PBXProject section */
		3E477275225144B7006C2671 /* Project object */ = {
			isa = PBXProject;
			attributes = {
				LastUpgradeCheck = 1010;
				ORGANIZATIONNAME = "calvin ";
				TargetAttributes = {
					3E47727C225144B7006C2671 = {
						CreatedOnToolsVersion = 10.1;
					};
					3E477294225144C2006C2671 = {
						CreatedOnToolsVersion = 10.1;
						TestTargetID = 3E47727C225144B7006C2671;
					};
					3E47729F225144C3006C2671 = {
						CreatedOnToolsVersion = 10.1;
						TestTargetID = 3E47727C225144B7006C2671;
					};
				};
			};
			buildConfigurationList = 3E477278225144B7006C2671 /* Build configuration list for PBXProject "vue 2" */;
			compatibilityVersion = "Xcode 9.3";
			developmentRegion = en;
			hasScannedForEncodings = 0;
			knownRegions = (
				en,
				Base,
			);
			mainGroup = 3E477274225144B6006C2671;
			productRefGroup = 3E47727E225144B8006C2671 /* Products */;
			projectDirPath = "";
			projectRoot = "";
			targets = (
				3E47727C225144B7006C2671 /* vue 2 */,
				3E477294225144C2006C2671 /* vue 2Tests */,
				3E47729F225144C3006C2671 /* vue 2UITests */,
			);
		};
/* End PBXProject section */

/* Begin PBXResourcesBuildPhase section */
		3E47727B225144B7006C2671 /* Resources */ = {
			isa = PBXResourcesBuildPhase;
			buildActionMask = 2147483647;
			files = (
				3E875B2022526A840025E612 /* boat-icon.png in Resources */,
				3E526C5E2253379500B0950D /* return-back-redo-arrow-512.png in Resources */,
				3E47728D225144C2006C2671 /* LaunchScreen.storyboard in Resources */,
				3E47728A225144C2006C2671 /* Assets.xcassets in Resources */,
				3E477288225144B8006C2671 /* Main.storyboard in Resources */,
				3E526C622253532100B0950D /* boat.png in Resources */,
			);
			runOnlyForDeploymentPostprocessing = 0;
		};
		3E477293225144C2006C2671 /* Resources */ = {
			isa = PBXResourcesBuildPhase;
			buildActionMask = 2147483647;
			files = (
			);
			runOnlyForDeploymentPostprocessing = 0;
		};
		3E47729E225144C3006C2671 /* Resources */ = {
			isa = PBXResourcesBuildPhase;
			buildActionMask = 2147483647;
			files = (
			);
			runOnlyForDeploymentPostprocessing = 0;
		};
/* End PBXResourcesBuildPhase section */

/* Begin PBXSourcesBuildPhase section */
		3E477279225144B7006C2671 /* Sources */ = {
			isa = PBXSourcesBuildPhase;
			buildActionMask = 2147483647;
			files = (
				3E477285225144B8006C2671 /* ViewController.m in Sources */,
				3E477290225144C2006C2671 /* main.m in Sources */,
				3E477282225144B8006C2671 /* AppDelegate.m in Sources */,
			);
			runOnlyForDeploymentPostprocessing = 0;
		};
		3E477291225144C2006C2671 /* Sources */ = {
			isa = PBXSourcesBuildPhase;
			buildActionMask = 2147483647;
			files = (
				3E47729A225144C2006C2671 /* vue_2Tests.m in Sources */,
			);
			runOnlyForDeploymentPostprocessing = 0;
		};
		3E47729C225144C3006C2671 /* Sources */ = {
			isa = PBXSourcesBuildPhase;
			buildActionMask = 2147483647;
			files = (
				3E4772A5225144C3006C2671 /* vue_2UITests.m in Sources */,
			);
			runOnlyForDeploymentPostprocessing = 0;
		};
/* End PBXSourcesBuildPhase section */

/* Begin PBXTargetDependency section */
		3E477297225144C2006C2671 /* PBXTargetDependency */ = {
			isa = PBXTargetDependency;
			target = 3E47727C225144B7006C2671 /* vue 2 */;
			targetProxy = 3E477296225144C2006C2671 /* PBXContainerItemProxy */;
		};
		3E4772A2225144C3006C2671 /* PBXTargetDependency */ = {
			isa = PBXTargetDependency;
			target = 3E47727C225144B7006C2671 /* vue 2 */;
			targetProxy = 3E4772A1225144C3006C2671 /* PBXContainerItemProxy */;
		};
/* End PBXTargetDependency section */

/* Begin PBXVariantGroup section */
		3E477286225144B8006C2671 /* Main.storyboard */ = {
			isa = PBXVariantGroup;
			children = (
				3E477287225144B8006C2671 /* Base */,
			);
			name = Main.storyboard;
			sourceTree = "<group>";
		};
		3E47728B225144C2006C2671 /* LaunchScreen.storyboard */ = {
			isa = PBXVariantGroup;
			children = (
				3E47728C225144C2006C2671 /* Base */,
			);
			name = LaunchScreen.storyboard;
			sourceTree = "<group>";
		};
/* End PBXVariantGroup section */

/* Begin XCBuildConfiguration section */
		3E4772A7225144C3006C2671 /* Debug */ = {
			isa = XCBuildConfiguration;
			buildSettings = {
				ALWAYS_SEARCH_USER_PATHS = NO;
				CLANG_ANALYZER_NONNULL = YES;
				CLANG_ANALYZER_NUMBER_OBJECT_CONVERSION = YES_AGGRESSIVE;
				CLANG_CXX_LANGUAGE_STANDARD = "gnu++14";
				CLANG_CXX_LIBRARY = "libc++";
				CLANG_ENABLE_MODULES = YES;
				CLANG_ENABLE_OBJC_ARC = YES;
				CLANG_ENABLE_OBJC_WEAK = YES;
				CLANG_WARN_BLOCK_CAPTURE_AUTORELEASING = YES;
				CLANG_WARN_BOOL_CONVERSION = YES;
				CLANG_WARN_COMMA = YES;
				CLANG_WARN_CONSTANT_CONVERSION = YES;
				CLANG_WARN_DEPRECATED_OBJC_IMPLEMENTATIONS = YES;
				CLANG_WARN_DIRECT_OBJC_ISA_USAGE = YES_ERROR;
				CLANG_WARN_DOCUMENTATION_COMMENTS = YES;
				CLANG_WARN_EMPTY_BODY = YES;
				CLANG_WARN_ENUM_CONVERSION = YES;
				CLANG_WARN_INFINITE_RECURSION = YES;
				CLANG_WARN_INT_CONVERSION = YES;
				CLANG_WARN_NON_LITERAL_NULL_CONVERSION = YES;
				CLANG_WARN_OBJC_IMPLICIT_RETAIN_SELF = YES;
				CLANG_WARN_OBJC_LITERAL_CONVERSION = YES;
				CLANG_WARN_OBJC_ROOT_CLASS = YES_ERROR;
				CLANG_WARN_RANGE_LOOP_ANALYSIS = YES;
				CLANG_WARN_STRICT_PROTOTYPES = YES;
				CLANG_WARN_SUSPICIOUS_MOVE = YES;
				CLANG_WARN_UNGUARDED_AVAILABILITY = YES_AGGRESSIVE;
				CLANG_WARN_UNREACHABLE_CODE = YES;
				CLANG_WARN__DUPLICATE_METHOD_MATCH = YES;
				CODE_SIGN_IDENTITY = "iPhone Developer";
				COPY_PHASE_STRIP = NO;
				DEBUG_INFORMATION_FORMAT = dwarf;
				ENABLE_STRICT_OBJC_MSGSEND = YES;
				ENABLE_TESTABILITY = YES;
				GCC_C_LANGUAGE_STANDARD = gnu11;
				GCC_DYNAMIC_NO_PIC = NO;
				GCC_NO_COMMON_BLOCKS = YES;
				GCC_OPTIMIZATION_LEVEL = 0;
				GCC_PREPROCESSOR_DEFINITIONS = (
					"DEBUG=1",
					"$(inherited)",
				);
				GCC_WARN_64_TO_32_BIT_CONVERSION = YES;
				GCC_WARN_ABOUT_RETURN_TYPE = YES_ERROR;
				GCC_WARN_UNDECLARED_SELECTOR = YES;
				GCC_WARN_UNINITIALIZED_AUTOS = YES_AGGRESSIVE;
				GCC_WARN_UNUSED_FUNCTION = YES;
				GCC_WARN_UNUSED_VARIABLE = YES;
				IPHONEOS_DEPLOYMENT_TARGET = 12.1;
				MTL_ENABLE_DEBUG_INFO = INCLUDE_SOURCE;
				MTL_FAST_MATH = YES;
				ONLY_ACTIVE_ARCH = YES;
				SDKROOT = iphoneos;
			};
			name = Debug;
		};
		3E4772A8225144C3006C2671 /* Release */ = {
			isa = XCBuildConfiguration;
			buildSettings = {
				ALWAYS_SEARCH_USER_PATHS = NO;
				CLANG_ANALYZER_NONNULL = YES;
				CLANG_ANALYZER_NUMBER_OBJECT_CONVERSION = YES_AGGRESSIVE;
				CLANG_CXX_LANGUAGE_STANDARD = "gnu++14";
				CLANG_CXX_LIBRARY = "libc++";
				CLANG_ENABLE_MODULES = YES;
				CLANG_ENABLE_OBJC_ARC = YES;
				CLANG_ENABLE_OBJC_WEAK = YES;
				CLANG_WARN_BLOCK_CAPTURE_AUTORELEASING = YES;
				CLANG_WARN_BOOL_CONVERSION = YES;
				CLANG_WARN_COMMA = YES;
				CLANG_WARN_CONSTANT_CONVERSION = YES;
				CLANG_WARN_DEPRECATED_OBJC_IMPLEMENTATIONS = YES;
				CLANG_WARN_DIRECT_OBJC_ISA_USAGE = YES_ERROR;
				CLANG_WARN_DOCUMENTATION_COMMENTS = YES;
				CLANG_WARN_EMPTY_BODY = YES;
				CLANG_WARN_ENUM_CONVERSION = YES;
				CLANG_WARN_INFINITE_RECURSION = YES;
				CLANG_WARN_INT_CONVERSION = YES;
				CLANG_WARN_NON_LITERAL_NULL_CONVERSION = YES;
				CLANG_WARN_OBJC_IMPLICIT_RETAIN_SELF = YES;
				CLANG_WARN_OBJC_LITERAL_CONVERSION = YES;
				CLANG_WARN_OBJC_ROOT_CLASS = YES_ERROR;
				CLANG_WARN_RANGE_LOOP_ANALYSIS = YES;
				CLANG_WARN_STRICT_PROTOTYPES = YES;
				CLANG_WARN_SUSPICIOUS_MOVE = YES;
				CLANG_WARN_UNGUARDED_AVAILABILITY = YES_AGGRESSIVE;
				CLANG_WARN_UNREACHABLE_CODE = YES;
				CLANG_WARN__DUPLICATE_METHOD_MATCH = YES;
				CODE_SIGN_IDENTITY = "iPhone Developer";
				COPY_PHASE_STRIP = NO;
				DEBUG_INFORMATION_FORMAT = "dwarf-with-dsym";
				ENABLE_NS_ASSERTIONS = NO;
				ENABLE_STRICT_OBJC_MSGSEND = YES;
				GCC_C_LANGUAGE_STANDARD = gnu11;
				GCC_NO_COMMON_BLOCKS = YES;
				GCC_WARN_64_TO_32_BIT_CONVERSION = YES;
				GCC_WARN_ABOUT_RETURN_TYPE = YES_ERROR;
				GCC_WARN_UNDECLARED_SELECTOR = YES;
				GCC_WARN_UNINITIALIZED_AUTOS = YES_AGGRESSIVE;
				GCC_WARN_UNUSED_FUNCTION = YES;
				GCC_WARN_UNUSED_VARIABLE = YES;
				IPHONEOS_DEPLOYMENT_TARGET = 12.1;
				MTL_ENABLE_DEBUG_INFO = NO;
				MTL_FAST_MATH = YES;
				SDKROOT = iphoneos;
				VALIDATE_PRODUCT = YES;
			};
			name = Release;
		};
		3E4772AA225144C3006C2671 /* Debug */ = {
			isa = XCBuildConfiguration;
			buildSettings = {
				ASSETCATALOG_COMPILER_APPICON_NAME = AppIcon;
				CODE_SIGN_STYLE = Automatic;
				DEVELOPMENT_TEAM = 8G5985V3GL;
				INFOPLIST_FILE = "vue 2/Info.plist";
				LD_RUNPATH_SEARCH_PATHS = (
					"$(inherited)",
					"@executable_path/Frameworks",
				);
				PRODUCT_BUNDLE_IDENTIFIER = "f.vue-2";
				PRODUCT_NAME = "$(TARGET_NAME)";
				TARGETED_DEVICE_FAMILY = "1,2";
			};
			name = Debug;
		};
		3E4772AB225144C3006C2671 /* Release */ = {
			isa = XCBuildConfiguration;
			buildSettings = {
				ASSETCATALOG_COMPILER_APPICON_NAME = AppIcon;
				CODE_SIGN_STYLE = Automatic;
				DEVELOPMENT_TEAM = 8G5985V3GL;
				INFOPLIST_FILE = "vue 2/Info.plist";
				LD_RUNPATH_SEARCH_PATHS = (
					"$(inherited)",
					"@executable_path/Frameworks",
				);
				PRODUCT_BUNDLE_IDENTIFIER = "f.vue-2";
				PRODUCT_NAME = "$(TARGET_NAME)";
				TARGETED_DEVICE_FAMILY = "1,2";
			};
			name = Release;
		};
		3E4772AD225144C3006C2671 /* Debug */ = {
			isa = XCBuildConfiguration;
			buildSettings = {
				BUNDLE_LOADER = "$(TEST_HOST)";
				CODE_SIGN_STYLE = Automatic;
				INFOPLIST_FILE = "vue 2Tests/Info.plist";
				LD_RUNPATH_SEARCH_PATHS = (
					"$(inherited)",
					"@executable_path/Frameworks",
					"@loader_path/Frameworks",
				);
				PRODUCT_BUNDLE_IDENTIFIER = "f.vue-2Tests";
				PRODUCT_NAME = "$(TARGET_NAME)";
				TARGETED_DEVICE_FAMILY = "1,2";
				TEST_HOST = "$(BUILT_PRODUCTS_DIR)/vue 2.app/vue 2";
			};
			name = Debug;
		};
		3E4772AE225144C3006C2671 /* Release */ = {
			isa = XCBuildConfiguration;
			buildSettings = {
				BUNDLE_LOADER = "$(TEST_HOST)";
				CODE_SIGN_STYLE = Automatic;
				INFOPLIST_FILE = "vue 2Tests/Info.plist";
				LD_RUNPATH_SEARCH_PATHS = (
					"$(inherited)",
					"@executable_path/Frameworks",
					"@loader_path/Frameworks",
				);
				PRODUCT_BUNDLE_IDENTIFIER = "f.vue-2Tests";
				PRODUCT_NAME = "$(TARGET_NAME)";
				TARGETED_DEVICE_FAMILY = "1,2";
				TEST_HOST = "$(BUILT_PRODUCTS_DIR)/vue 2.app/vue 2";
			};
			name = Release;
		};
		3E4772B0225144C3006C2671 /* Debug */ = {
			isa = XCBuildConfiguration;
			buildSettings = {
				CODE_SIGN_STYLE = Automatic;
				INFOPLIST_FILE = "vue 2UITests/Info.plist";
				LD_RUNPATH_SEARCH_PATHS = (
					"$(inherited)",
					"@executable_path/Frameworks",
					"@loader_path/Frameworks",
				);
				PRODUCT_BUNDLE_IDENTIFIER = "f.vue-2UITests";
				PRODUCT_NAME = "$(TARGET_NAME)";
				TARGETED_DEVICE_FAMILY = "1,2";
				TEST_TARGET_NAME = "vue 2";
			};
			name = Debug;
		};
		3E4772B1225144C3006C2671 /* Release */ = {
			isa = XCBuildConfiguration;
			buildSettings = {
				CODE_SIGN_STYLE = Automatic;
				INFOPLIST_FILE = "vue 2UITests/Info.plist";
				LD_RUNPATH_SEARCH_PATHS = (
					"$(inherited)",
					"@executable_path/Frameworks",
					"@loader_path/Frameworks",
				);
				PRODUCT_BUNDLE_IDENTIFIER = "f.vue-2UITests";
				PRODUCT_NAME = "$(TARGET_NAME)";
				TARGETED_DEVICE_FAMILY = "1,2";
				TEST_TARGET_NAME = "vue 2";
			};
			name = Release;
		};
/* End XCBuildConfiguration section */

/* Begin XCConfigurationList section */
		3E477278225144B7006C2671 /* Build configuration list for PBXProject "vue 2" */ = {
			isa = XCConfigurationList;
			buildConfigurations = (
				3E4772A7225144C3006C2671 /* Debug */,
				3E4772A8225144C3006C2671 /* Release */,
			);
			defaultConfigurationIsVisible = 0;
			defaultConfigurationName = Release;
		};
		3E4772A9225144C3006C2671 /* Build configuration list for PBXNativeTarget "vue 2" */ = {
			isa = XCConfigurationList;
			buildConfigurations = (
				3E4772AA225144C3006C2671 /* Debug */,
				3E4772AB225144C3006C2671 /* Release */,
			);
			defaultConfigurationIsVisible = 0;
			defaultConfigurationName = Release;
		};
		3E4772AC225144C3006C2671 /* Build configuration list for PBXNativeTarget "vue 2Tests" */ = {
			isa = XCConfigurationList;
			buildConfigurations = (
				3E4772AD225144C3006C2671 /* Debug */,
				3E4772AE225144C3006C2671 /* Release */,
			);
			defaultConfigurationIsVisible = 0;
			defaultConfigurationName = Release;
		};
		3E4772AF225144C3006C2671 /* Build configuration list for PBXNativeTarget "vue 2UITests" */ = {
			isa = XCConfigurationList;
			buildConfigurations = (
				3E4772B0225144C3006C2671 /* Debug */,
				3E4772B1225144C3006C2671 /* Release */,
			);
			defaultConfigurationIsVisible = 0;
			defaultConfigurationName = Release;
		};
/* End XCConfigurationList section */
	};
	rootObject = 3E477275225144B7006C2671 /* Project object */;
}
